
Microsoft Visual Studio Solution File, Format Version 12.00
# Visual Studio 15
VisualStudioVersion = 15.0.28307.421
MinimumVisualStudioVersion = 10.0.40219.1
Project("{FAE04EC0-301F-11D3-BF4B-00C04F79EFBC}") = "LoginApp.Android", "LoginApp\LoginApp.Android\LoginApp.Android.csproj", "{72BFC2F1-684E-428C-B24C-78CF07185D24}"
EndProject
Project("{FAE04EC0-301F-11D3-BF4B-00C04F79EFBC}") = "LoginApp.iOS", "LoginApp\LoginApp.iOS\LoginApp.iOS.csproj", "{DDD33124-F5AF-4E89-88A0-C526693A16E4}"
EndProject
Project("{FAE04EC0-301F-11D3-BF4B-00C04F79EFBC}") = "LoginApp", "LoginApp\LoginApp\LoginApp.csproj", "{1471F873-DBB7-479C-8250-B504B7B997FA}"
EndProject
Global
	GlobalSection(SolutionConfigurationPlatforms) = preSolution
		Ad-Hoc|Any CPU = Ad-Hoc|Any CPU
		Ad-Hoc|iPhone = Ad-Hoc|iPhone
		Ad-Hoc|iPhoneSimulator = Ad-Hoc|iPhoneSimulator
		AppStore|Any CPU = AppStore|Any CPU
		AppStore|iPhone = AppStore|iPhone
		AppStore|iPhoneSimulator = AppStore|iPhoneSimulator
		Debug|Any CPU = Debug|Any CPU
		Debug|iPhone = Debug|iPhone
		Debug|iPhoneSimulator = Debug|iPhoneSimulator
		Release|Any CPU = Release|Any CPU
		Release|iPhone = Release|iPhone
		Release|iPhoneSimulator = Release|iPhoneSimulator
	EndGlobalSection
	GlobalSection(ProjectConfigurationPlatforms) = postSolution
		{72BFC2F1-684E-428C-B24C-78CF07185D24}.Ad-Hoc|Any CPU.ActiveCfg = Release|Any CPU
		{72BFC2F1-684E-428C-B24C-78CF07185D24}.Ad-Hoc|Any CPU.Build.0 = Release|Any CPU
		{72BFC2F1-684E-428C-B24C-78CF07185D24}.Ad-Hoc|Any CPU.Deploy.0 = Release|Any CPU
		{72BFC2F1-684E-428C-B24C-78CF07185D24}.Ad-Hoc|iPhone.ActiveCfg = Release|Any CPU
		{72BFC2F1-684E-428C-B24C-78CF07185D24}.Ad-Hoc|iPhone.Build.0 = Release|Any CPU
		{72BFC2F1-684E-428C-B24C-78CF07185D24}.Ad-Hoc|iPhone.Deploy.0 = Release|Any CPU
		{72BFC2F1-684E-428C-B24C-78CF07185D24}.Ad-Hoc|iPhoneSimulator.ActiveCfg = Release|Any CPU
		{72BFC2F1-684E-428C-B24C-78CF07185D24}.Ad-Hoc|iPhoneSimulator.Build.0 = Release|Any CPU
		{72BFC2F1-684E-428C-B24C-78CF07185D24}.Ad-Hoc|iPhoneSimulator.Deploy.0 = Release|Any CPU
		{72BFC2F1-684E-428C-B24C-78CF07185D24}.AppStore|Any CPU.ActiveCfg = Release|Any CPU
		{72BFC2F1-684E-428C-B24C-78CF07185D24}.AppStore|Any CPU.Build.0 = Release|Any CPU
		{72BFC2F1-684E-428C-B24C-78CF07185D24}.AppStore|Any CPU.Deploy.0 = Release|Any CPU
		{72BFC2F1-684E-428C-B24C-78CF07185D24}.AppStore|iPhone.ActiveCfg = Release|Any CPU
		{72BFC2F1-684E-428C-B24C-78CF07185D24}.AppStore|iPhone.Build.0 = Release|Any CPU
		{72BFC2F1-684E-428C-B24C-78CF07185D24}.AppStore|iPhone.Deploy.0 = Release|Any CPU
		{72BFC2F1-684E-428C-B24C-78CF07185D24}.AppStore|iPhoneSimulator.ActiveCfg = Release|Any CPU
		{72BFC2F1-684E-428C-B24C-78CF07185D24}.AppStore|iPhoneSimulator.Build.0 = Release|Any CPU
		{72BFC2F1-684E-428C-B24C-78CF07185D24}.AppStore|iPhoneSimulator.Deploy.0 = Release|Any CPU
		{72BFC2F1-684E-428C-B24C-78CF07185D24}.Debug|Any CPU.ActiveCfg = Debug|Any CPU
		{72BFC2F1-684E-428C-B24C-78CF07185D24}.Debug|Any CPU.Build.0 = Debug|Any CPU
		{72BFC2F1-684E-428C-B24C-78CF07185D24}.Debug|Any CPU.Deploy.0 = Debug|Any CPU
		{72BFC2F1-684E-428C-B24C-78CF07185D24}.Debug|iPhone.ActiveCfg = Debug|Any CPU
		{72BFC2F1-684E-428C-B24C-78CF07185D24}.Debug|iPhone.Build.0 = Debug|Any CPU
		{72BFC2F1-684E-428C-B24C-78CF07185D24}.Debug|iPhone.Deploy.0 = Debug|Any CPU
		{72BFC2F1-684E-428C-B24C-78CF07185D24}.Debug|iPhoneSimulator.ActiveCfg = Debug|Any CPU
		{72BFC2F1-684E-428C-B24C-78CF07185D24}.Debug|iPhoneSimulator.Build.0 = Debug|Any CPU
		{72BFC2F1-684E-428C-B24C-78CF07185D24}.Debug|iPhoneSimulator.Deploy.0 = Debug|Any CPU
		{72BFC2F1-684E-428C-B24C-78CF07185D24}.Release|Any CPU.ActiveCfg = Release|Any CPU
		{72BFC2F1-684E-428C-B24C-78CF07185D24}.Release|Any CPU.Build.0 = Release|Any CPU
		{72BFC2F1-684E-428C-B24C-78CF07185D24}.Release|Any CPU.Deploy.0 = Release|Any CPU
		{72BFC2F1-684E-428C-B24C-78CF07185D24}.Release|iPhone.ActiveCfg = Release|Any CPU
		{72BFC2F1-684E-428C-B24C-78CF07185D24}.Release|iPhone.Build.0 = Release|Any CPU
		{72BFC2F1-684E-428C-B24C-78CF07185D24}.Release|iPhone.Deploy.0 = Release|Any CPU
		{72BFC2F1-684E-428C-B24C-78CF07185D24}.Release|iPhoneSimulator.ActiveCfg = Release|Any CPU
		{72BFC2F1-684E-428C-B24C-78CF07185D24}.Release|iPhoneSimulator.Build.0 = Release|Any CPU
		{72BFC2F1-684E-428C-B24C-78CF07185D24}.Release|iPhoneSimulator.Deploy.0 = Release|Any CPU
		{DDD33124-F5AF-4E89-88A0-C526693A16E4}.Ad-Hoc|Any CPU.ActiveCfg = Ad-Hoc|iPhone
		{DDD33124-F5AF-4E89-88A0-C526693A16E4}.Ad-Hoc|Any CPU.Build.0 = Ad-Hoc|iPhone
		{DDD33124-F5AF-4E89-88A0-C526693A16E4}.Ad-Hoc|Any CPU.Deploy.0 = Ad-Hoc|iPhone
		{DDD33124-F5AF-4E89-88A0-C526693A16E4}.Ad-Hoc|iPhone.ActiveCfg = Ad-Hoc|iPhone
		{DDD33124-F5AF-4E89-88A0-C526693A16E4}.Ad-Hoc|iPhone.Build.0 = Ad-Hoc|iPhone
		{DDD33124-F5AF-4E89-88A0-C526693A16E4}.Ad-Hoc|iPhone.Deploy.0 = Ad-Hoc|iPhone
		{DDD33124-F5AF-4E89-88A0-C526693A16E4}.Ad-Hoc|iPhoneSimulator.ActiveCfg = Ad-Hoc|iPhoneSimulator
		{DDD33124-F5AF-4E89-88A0-C526693A16E4}.Ad-Hoc|iPhoneSimulator.Build.0 = Ad-Hoc|iPhoneSimulator
		{DDD33124-F5AF-4E89-88A0-C526693A16E4}.Ad-Hoc|iPhoneSimulator.Deploy.0 = Ad-Hoc|iPhoneSimulator
		{DDD33124-F5AF-4E89-88A0-C526693A16E4}.AppStore|Any CPU.ActiveCfg = AppStore|iPhone
		{DDD33124-F5AF-4E89-88A0-C526693A16E4}.AppStore|Any CPU.Build.0 = AppStore|iPhone
		{DDD33124-F5AF-4E89-88A0-C526693A16E4}.AppStore|Any CPU.Deploy.0 = AppStore|iPhone
		{DDD33124-F5AF-4E89-88A0-C526693A16E4}.AppStore|iPhone.ActiveCfg = AppStore|iPhone
		{DDD33124-F5AF-4E89-88A0-C526693A16E4}.AppStore|iPhone.Build.0 = AppStore|iPhone
		{DDD33124-F5AF-4E89-88A0-C526693A16E4}.AppStore|iPhone.Deploy.0 = AppStore|iPhone
		{DDD33124-F5AF-4E89-88A0-C526693A16E4}.AppStore|iPhoneSimulator.ActiveCfg = AppStore|iPhoneSimulator
		{DDD33124-F5AF-4E89-88A0-C526693A16E4}.AppStore|iPhoneSimulator.Build.0 = AppStore|iPhoneSimulator
		{DDD33124-F5AF-4E89-88A0-C526693A16E4}.AppStore|iPhoneSimulator.Deploy.0 = AppStore|iPhoneSimulator
		{DDD33124-F5AF-4E89-88A0-C526693A16E4}.Debug|Any CPU.ActiveCfg = Debug|iPhoneSimulator
		{DDD33124-F5AF-4E89-88A0-C526693A16E4}.Debug|Any CPU.Build.0 = Debug|iPhoneSimulator
		{DDD33124-F5AF-4E89-88A0-C526693A16E4}.Debug|Any CPU.Deploy.0 = Debug|iPhoneSimulator
		{DDD33124-F5AF-4E89-88A0-C526693A16E4}.Debug|iPhone.ActiveCfg = Debug|iPhone
		{DDD33124-F5AF-4E89-88A0-C526693A16E4}.Debug|iPhone.Build.0 = Debug|iPhone
		{DDD33124-F5AF-4E89-88A0-C526693A16E4}.Debug|iPhone.Deploy.0 = Debug|iPhone
		{DDD33124-F5AF-4E89-88A0-C526693A16E4}.Debug|iPhoneSimulator.ActiveCfg = Debug|iPhoneSimulator
		{DDD33124-F5AF-4E89-88A0-C526693A16E4}.Debug|iPhoneSimulator.Build.0 = Debug|iPhoneSimulator
		{DDD33124-F5AF-4E89-88A0-C526693A16E4}.Debug|iPhoneSimulator.Deploy.0 = Debug|iPhoneSimulator
		{DDD33124-F5AF-4E89-88A0-C526693A16E4}.Release|Any CPU.ActiveCfg = Release|iPhone
		{DDD33124-F5AF-4E89-88A0-C526693A16E4}.Release|Any CPU.Build.0 = Release|iPhone
		{DDD33124-F5AF-4E89-88A0-C526693A16E4}.Release|Any CPU.Deploy.0 = Release|iPhone
		{DDD33124-F5AF-4E89-88A0-C526693A16E4}.Release|iPhone.ActiveCfg = Release|iPhone
		{DDD33124-F5AF-4E89-88A0-C526693A16E4}.Release|iPhone.Build.0 = Release|iPhone
		{DDD33124-F5AF-4E89-88A0-C526693A16E4}.Release|iPhone.Deploy.0 = Release|iPhone
		{DDD33124-F5AF-4E89-88A0-C526693A16E4}.Release|iPhoneSimulator.ActiveCfg = Release|iPhoneSimulator
		{DDD33124-F5AF-4E89-88A0-C526693A16E4}.Release|iPhoneSimulator.Build.0 = Release|iPhoneSimulator
		{DDD33124-F5AF-4E89-88A0-C526693A16E4}.Release|iPhoneSimulator.Deploy.0 = Release|iPhoneSimulator
		{1471F873-DBB7-479C-8250-B504B7B997FA}.Ad-Hoc|Any CPU.ActiveCfg = Debug|Any CPU
		{1471F873-DBB7-479C-8250-B504B7B997FA}.Ad-Hoc|Any CPU.Build.0 = Debug|Any CPU
		{1471F873-DBB7-479C-8250-B504B7B997FA}.Ad-Hoc|Any CPU.Deploy.0 = Debug|Any CPU
		{1471F873-DBB7-479C-8250-B504B7B997FA}.Ad-Hoc|iPhone.ActiveCfg = Debug|Any CPU
		{1471F873-DBB7-479C-8250-B504B7B997FA}.Ad-Hoc|iPhone.Build.0 = Debug|Any CPU
		{1471F873-DBB7-479C-8250-B504B7B997FA}.Ad-Hoc|iPhone.Deploy.0 = Debug|Any CPU
		{1471F873-DBB7-479C-8250-B504B7B997FA}.Ad-Hoc|iPhoneSimulator.ActiveCfg = Debug|Any CPU
		{1471F873-DBB7-479C-8250-B504B7B997FA}.Ad-Hoc|iPhoneSimulator.Build.0 = Debug|Any CPU
		{1471F873-DBB7-479C-8250-B504B7B997FA}.Ad-Hoc|iPhoneSimulator.Deploy.0 = Debug|Any CPU
		{1471F873-DBB7-479C-8250-B504B7B997FA}.AppStore|Any CPU.ActiveCfg = Debug|Any CPU
		{1471F873-DBB7-479C-8250-B504B7B997FA}.AppStore|Any CPU.Build.0 = Debug|Any CPU
		{1471F873-DBB7-479C-8250-B504B7B997FA}.AppStore|Any CPU.Deploy.0 = Debug|Any CPU
		{1471F873-DBB7-479C-8250-B504B7B997FA}.AppStore|iPhone.ActiveCfg = Debug|Any CPU
		{1471F873-DBB7-479C-8250-B504B7B997FA}.AppStore|iPhone.Build.0 = Debug|Any CPU
		{1471F873-DBB7-479C-8250-B504B7B997FA}.AppStore|iPhone.Deploy.0 = Debug|Any CPU
		{1471F873-DBB7-479C-8250-B504B7B997FA}.AppStore|iPhoneSimulator.ActiveCfg = Debug|Any CPU
		{1471F873-DBB7-479C-8250-B504B7B997FA}.AppStore|iPhoneSimulator.Build.0 = Debug|Any CPU
		{1471F873-DBB7-479C-8250-B504B7B997FA}.AppStore|iPhoneSimulator.Deploy.0 = Debug|Any CPU
		{1471F873-DBB7-479C-8250-B504B7B997FA}.Debug|Any CPU.ActiveCfg = Debug|Any CPU
		{1471F873-DBB7-479C-8250-B504B7B997FA}.Debug|Any CPU.Build.0 = Debug|Any CPU
		{1471F873-DBB7-479C-8250-B504B7B997FA}.Debug|Any CPU.Deploy.0 = Debug|Any CPU
		{1471F873-DBB7-479C-8250-B504B7B997FA}.Debug|iPhone.ActiveCfg = Debug|Any CPU
		{1471F873-DBB7-479C-8250-B504B7B997FA}.Debug|iPhone.Build.0 = Debug|Any CPU
		{1471F873-DBB7-479C-8250-B504B7B997FA}.Debug|iPhone.Deploy.0 = Debug|Any CPU
		{1471F873-DBB7-479C-8250-B504B7B997FA}.Debug|iPhoneSimulator.ActiveCfg = Debug|Any CPU
		{1471F873-DBB7-479C-8250-B504B7B997FA}.Debug|iPhoneSimulator.Build.0 = Debug|Any CPU
		{1471F873-DBB7-479C-8250-B504B7B997FA}.Debug|iPhoneSimulator.Deploy.0 = Debug|Any CPU
		{1471F873-DBB7-479C-8250-B504B7B997FA}.Release|Any CPU.ActiveCfg = Release|Any CPU
		{1471F873-DBB7-479C-8250-B504B7B997FA}.Release|Any CPU.Build.0 = Release|Any CPU
		{1471F873-DBB7-479C-8250-B504B7B997FA}.Release|Any CPU.Deploy.0 = Release|Any CPU
		{1471F873-DBB7-479C-8250-B504B7B997FA}.Release|iPhone.ActiveCfg = Release|Any CPU
		{1471F873-DBB7-479C-8250-B504B7B997FA}.Release|iPhone.Build.0 = Release|Any CPU
		{1471F873-DBB7-479C-8250-B504B7B997FA}.Release|iPhone.Deploy.0 = Release|Any CPU
		{1471F873-DBB7-479C-8250-B504B7B997FA}.Release|iPhoneSimulator.ActiveCfg = Release|Any CPU
		{1471F873-DBB7-479C-8250-B504B7B997FA}.Release|iPhoneSimulator.Build.0 = Release|Any CPU
		{1471F873-DBB7-479C-8250-B504B7B997FA}.Release|iPhoneSimulator.Deploy.0 = Release|Any CPU
	EndGlobalSection
	GlobalSection(SolutionProperties) = preSolution
		HideSolutionNode = FALSE
	EndGlobalSection
	GlobalSection(ExtensibilityGlobals) = postSolution
		SolutionGuid = {B778DB6D-15D1-4B8A-A06A-DB736F003B24}
	EndGlobalSection
EndGlobal
